
Microsoft Visual Studio Solution File, Format Version 12.00
# Visual Studio Version 16
VisualStudioVersion = 16.0.30717.126
MinimumVisualStudioVersion = 10.0.40219.1
Project("{9A19103F-16F7-4668-BE54-9A1E7A4F7556}") = "ApiCore", "ApiCore\ApiCore.csproj", "{86432382-90D7-46B0-BAEB-87F9EB4E16AE}"
EndProject
Global
	GlobalSection(SolutionConfigurationPlatforms) = preSolution
		Debug|Any CPU = Debug|Any CPU
		Release|Any CPU = Release|Any CPU
	EndGlobalSection
	GlobalSection(ProjectConfigurationPlatforms) = postSolution
		{86432382-90D7-46B0-BAEB-87F9EB4E16AE}.Debug|Any CPU.ActiveCfg = Debug|Any CPU
		{86432382-90D7-46B0-BAEB-87F9EB4E16AE}.Debug|Any CPU.Build.0 = Debug|Any CPU
		{86432382-90D7-46B0-BAEB-87F9EB4E16AE}.Release|Any CPU.ActiveCfg = Release|Any CPU
		{86432382-90D7-46B0-BAEB-87F9EB4E16AE}.Release|Any CPU.Build.0 = Release|Any CPU
	EndGlobalSection
	GlobalSection(SolutionProperties) = preSolution
		HideSolutionNode = FALSE
	EndGlobalSection
	GlobalSection(ExtensibilityGlobals) = postSolution
		SolutionGuid = {412B7D62-A283-4FFA-9C61-A1EF9BC2EE47}
	EndGlobalSection
EndGlobal
